
Microsoft Visual Studio Solution File, Format Version 12.00
# Visual Studio 15
VisualStudioVersion = 15.0.27428.2027
MinimumVisualStudioVersion = 10.0.40219.1
Project("{9A19103F-16F7-4668-BE54-9A1E7A4F7556}") = "Redoak.Backoffice", "Redoak.Backoffice.csproj", "{023D1E6D-28B3-490F-B5CA-94A6E567BEA8}"
EndProject
Project("{FAE04EC0-301F-11D3-BF4B-00C04F79EFBC}") = "Redoak.Domain.Model", "..\Redoak.Domain.Model\Redoak.Domain.Model.csproj", "{A5871BF4-A3F1-4CC3-803D-F92AD2CFAA5D}"
EndProject
Project("{FAE04EC0-301F-11D3-BF4B-00C04F79EFBC}") = "Redoak.Domain", "..\Redoak.Domain\Redoak.Domain.csproj", "{E477D873-23F4-49B2-B247-E7D4E614609B}"
EndProject
Project("{FAE04EC0-301F-11D3-BF4B-00C04F79EFBC}") = "Redoak.Dal", "..\Redoak.Dal\Redoak.Dal.csproj", "{BACDA3A6-104C-4A03-8199-F6EE58CF0D6E}"
EndProject
Project("{FAE04EC0-301F-11D3-BF4B-00C04F79EFBC}") = "Redoak.Core", "..\Redoak.Core\Redoak.Core.csproj", "{DAF173F3-2CDE-4987-9576-92C146A87B75}"
EndProject
Global
	GlobalSection(SolutionConfigurationPlatforms) = preSolution
		Debug|Any CPU = Debug|Any CPU
		Release|Any CPU = Release|Any CPU
	EndGlobalSection
	GlobalSection(ProjectConfigurationPlatforms) = postSolution
		{023D1E6D-28B3-490F-B5CA-94A6E567BEA8}.Debug|Any CPU.ActiveCfg = Debug|Any CPU
		{023D1E6D-28B3-490F-B5CA-94A6E567BEA8}.Debug|Any CPU.Build.0 = Debug|Any CPU
		{023D1E6D-28B3-490F-B5CA-94A6E567BEA8}.Release|Any CPU.ActiveCfg = Release|Any CPU
		{023D1E6D-28B3-490F-B5CA-94A6E567BEA8}.Release|Any CPU.Build.0 = Release|Any CPU
		{A5871BF4-A3F1-4CC3-803D-F92AD2CFAA5D}.Debug|Any CPU.ActiveCfg = Debug|Any CPU
		{A5871BF4-A3F1-4CC3-803D-F92AD2CFAA5D}.Debug|Any CPU.Build.0 = Debug|Any CPU
		{A5871BF4-A3F1-4CC3-803D-F92AD2CFAA5D}.Release|Any CPU.ActiveCfg = Release|Any CPU
		{A5871BF4-A3F1-4CC3-803D-F92AD2CFAA5D}.Release|Any CPU.Build.0 = Release|Any CPU
		{E477D873-23F4-49B2-B247-E7D4E614609B}.Debug|Any CPU.ActiveCfg = Debug|Any CPU
		{E477D873-23F4-49B2-B247-E7D4E614609B}.Debug|Any CPU.Build.0 = Debug|Any CPU
		{E477D873-23F4-49B2-B247-E7D4E614609B}.Release|Any CPU.ActiveCfg = Release|Any CPU
		{E477D873-23F4-49B2-B247-E7D4E614609B}.Release|Any CPU.Build.0 = Release|Any CPU
		{BACDA3A6-104C-4A03-8199-F6EE58CF0D6E}.Debug|Any CPU.ActiveCfg = Debug|Any CPU
		{BACDA3A6-104C-4A03-8199-F6EE58CF0D6E}.Debug|Any CPU.Build.0 = Debug|Any CPU
		{BACDA3A6-104C-4A03-8199-F6EE58CF0D6E}.Release|Any CPU.ActiveCfg = Release|Any CPU
		{BACDA3A6-104C-4A03-8199-F6EE58CF0D6E}.Release|Any CPU.Build.0 = Release|Any CPU
		{DAF173F3-2CDE-4987-9576-92C146A87B75}.Debug|Any CPU.ActiveCfg = Debug|Any CPU
		{DAF173F3-2CDE-4987-9576-92C146A87B75}.Debug|Any CPU.Build.0 = Debug|Any CPU
		{DAF173F3-2CDE-4987-9576-92C146A87B75}.Release|Any CPU.ActiveCfg = Release|Any CPU
		{DAF173F3-2CDE-4987-9576-92C146A87B75}.Release|Any CPU.Build.0 = Release|Any CPU
	EndGlobalSection
	GlobalSection(SolutionProperties) = preSolution
		HideSolutionNode = FALSE
	EndGlobalSection
	GlobalSection(ExtensibilityGlobals) = postSolution
		SolutionGuid = {3A66239A-B6E5-4D0D-8D80-C56B879247E4}
	EndGlobalSection
EndGlobal
