
Microsoft Visual Studio Solution File, Format Version 12.00
# Visual Studio 15
VisualStudioVersion = 15.0.27428.2027
MinimumVisualStudioVersion = 10.0.40219.1
Project("{FAE04EC0-301F-11D3-BF4B-00C04F79EFBC}") = "Redoak-Backoffice", "Redoak-Backoffice.csproj", "{023D1E6D-28B3-490F-B5CA-94A6E567BEA8}"
EndProject
Global
	GlobalSection(SolutionConfigurationPlatforms) = preSolution
		Debug|Any CPU = Debug|Any CPU
		Release|Any CPU = Release|Any CPU
	EndGlobalSection
	GlobalSection(ProjectConfigurationPlatforms) = postSolution
		{023D1E6D-28B3-490F-B5CA-94A6E567BEA8}.Debug|Any CPU.ActiveCfg = Debug|Any CPU
		{023D1E6D-28B3-490F-B5CA-94A6E567BEA8}.Debug|Any CPU.Build.0 = Debug|Any CPU
		{023D1E6D-28B3-490F-B5CA-94A6E567BEA8}.Release|Any CPU.ActiveCfg = Release|Any CPU
		{023D1E6D-28B3-490F-B5CA-94A6E567BEA8}.Release|Any CPU.Build.0 = Release|Any CPU
	EndGlobalSection
	GlobalSection(SolutionProperties) = preSolution
		HideSolutionNode = FALSE
	EndGlobalSection
	GlobalSection(ExtensibilityGlobals) = postSolution
		SolutionGuid = {3A66239A-B6E5-4D0D-8D80-C56B879247E4}
	EndGlobalSection
EndGlobal
