
Microsoft Visual Studio Solution File, Format Version 12.00
# Visual Studio 15
VisualStudioVersion = 15.0.27428.2027
MinimumVisualStudioVersion = 10.0.40219.1
Project("{9A19103F-16F7-4668-BE54-9A1E7A4F7556}") = "Redoak.Backoffice", "Redoak.Backoffice.csproj", "{023D1E6D-28B3-490F-B5CA-94A6E567BEA8}"
EndProject
Project("{9A19103F-16F7-4668-BE54-9A1E7A4F7556}") = "Redoak.Domain", "..\Redoak.Domain\Redoak.Domain.csproj", "{225D18AF-6450-4E4F-9462-EE0C1388BD29}"
EndProject
Project("{9A19103F-16F7-4668-BE54-9A1E7A4F7556}") = "Redoak.Core", "..\Redoak.Core\Redoak.Core.csproj", "{A27D8E6E-ED2A-4BFC-B467-398F32BA1281}"
EndProject
Project("{9A19103F-16F7-4668-BE54-9A1E7A4F7556}") = "Redoak.Dal", "..\Redoak.Dal\Redoak.Dal.csproj", "{77789121-9F8F-4037-A3E1-2AC696482006}"
EndProject
Project("{9A19103F-16F7-4668-BE54-9A1E7A4F7556}") = "Redoak.Model", "..\Redoak.Model\Redoak.Model.csproj", "{7A4818E0-F670-429E-BD0B-3923886BFFD4}"
EndProject
Global
	GlobalSection(SolutionConfigurationPlatforms) = preSolution
		Debug|Any CPU = Debug|Any CPU
		Release|Any CPU = Release|Any CPU
	EndGlobalSection
	GlobalSection(ProjectConfigurationPlatforms) = postSolution
		{023D1E6D-28B3-490F-B5CA-94A6E567BEA8}.Debug|Any CPU.ActiveCfg = Debug|Any CPU
		{023D1E6D-28B3-490F-B5CA-94A6E567BEA8}.Debug|Any CPU.Build.0 = Debug|Any CPU
		{023D1E6D-28B3-490F-B5CA-94A6E567BEA8}.Release|Any CPU.ActiveCfg = Release|Any CPU
		{023D1E6D-28B3-490F-B5CA-94A6E567BEA8}.Release|Any CPU.Build.0 = Release|Any CPU
		{225D18AF-6450-4E4F-9462-EE0C1388BD29}.Debug|Any CPU.ActiveCfg = Debug|Any CPU
		{225D18AF-6450-4E4F-9462-EE0C1388BD29}.Debug|Any CPU.Build.0 = Debug|Any CPU
		{225D18AF-6450-4E4F-9462-EE0C1388BD29}.Release|Any CPU.ActiveCfg = Release|Any CPU
		{225D18AF-6450-4E4F-9462-EE0C1388BD29}.Release|Any CPU.Build.0 = Release|Any CPU
		{A27D8E6E-ED2A-4BFC-B467-398F32BA1281}.Debug|Any CPU.ActiveCfg = Debug|Any CPU
		{A27D8E6E-ED2A-4BFC-B467-398F32BA1281}.Debug|Any CPU.Build.0 = Debug|Any CPU
		{A27D8E6E-ED2A-4BFC-B467-398F32BA1281}.Release|Any CPU.ActiveCfg = Release|Any CPU
		{A27D8E6E-ED2A-4BFC-B467-398F32BA1281}.Release|Any CPU.Build.0 = Release|Any CPU
		{77789121-9F8F-4037-A3E1-2AC696482006}.Debug|Any CPU.ActiveCfg = Debug|Any CPU
		{77789121-9F8F-4037-A3E1-2AC696482006}.Debug|Any CPU.Build.0 = Debug|Any CPU
		{77789121-9F8F-4037-A3E1-2AC696482006}.Release|Any CPU.ActiveCfg = Release|Any CPU
		{77789121-9F8F-4037-A3E1-2AC696482006}.Release|Any CPU.Build.0 = Release|Any CPU
		{7A4818E0-F670-429E-BD0B-3923886BFFD4}.Debug|Any CPU.ActiveCfg = Debug|Any CPU
		{7A4818E0-F670-429E-BD0B-3923886BFFD4}.Debug|Any CPU.Build.0 = Debug|Any CPU
		{7A4818E0-F670-429E-BD0B-3923886BFFD4}.Release|Any CPU.ActiveCfg = Release|Any CPU
		{7A4818E0-F670-429E-BD0B-3923886BFFD4}.Release|Any CPU.Build.0 = Release|Any CPU
	EndGlobalSection
	GlobalSection(SolutionProperties) = preSolution
		HideSolutionNode = FALSE
	EndGlobalSection
	GlobalSection(ExtensibilityGlobals) = postSolution
		SolutionGuid = {3A66239A-B6E5-4D0D-8D80-C56B879247E4}
	EndGlobalSection
EndGlobal
